
Microsoft Visual Studio Solution File, Format Version 12.00
# Visual Studio Version 17
VisualStudioVersion = 17.4.33213.308
MinimumVisualStudioVersion = 10.0.40219.1
Project("{9A19103F-16F7-4668-BE54-9A1E7A4F7556}") = "ChallangeApp", "ChallangeApp\ChallangeApp.csproj", "{D96F2304-C99E-4955-9CC2-5B524787E36A}"
EndProject
Project("{FAE04EC0-301F-11D3-BF4B-00C04F79EFBC}") = "ChallangeApp.Tests", "ChallangeApp.Tests\ChallangeApp.Tests.csproj", "{65E096FB-6CA5-4726-BB5A-293DAF74D410}"
EndProject
Global
	GlobalSection(SolutionConfigurationPlatforms) = preSolution
		Debug|Any CPU = Debug|Any CPU
		Release|Any CPU = Release|Any CPU
	EndGlobalSection
	GlobalSection(ProjectConfigurationPlatforms) = postSolution
		{D96F2304-C99E-4955-9CC2-5B524787E36A}.Debug|Any CPU.ActiveCfg = Debug|Any CPU
		{D96F2304-C99E-4955-9CC2-5B524787E36A}.Debug|Any CPU.Build.0 = Debug|Any CPU
		{D96F2304-C99E-4955-9CC2-5B524787E36A}.Release|Any CPU.ActiveCfg = Release|Any CPU
		{D96F2304-C99E-4955-9CC2-5B524787E36A}.Release|Any CPU.Build.0 = Release|Any CPU
		{65E096FB-6CA5-4726-BB5A-293DAF74D410}.Debug|Any CPU.ActiveCfg = Debug|Any CPU
		{65E096FB-6CA5-4726-BB5A-293DAF74D410}.Debug|Any CPU.Build.0 = Debug|Any CPU
		{65E096FB-6CA5-4726-BB5A-293DAF74D410}.Release|Any CPU.ActiveCfg = Release|Any CPU
		{65E096FB-6CA5-4726-BB5A-293DAF74D410}.Release|Any CPU.Build.0 = Release|Any CPU
	EndGlobalSection
	GlobalSection(SolutionProperties) = preSolution
		HideSolutionNode = FALSE
	EndGlobalSection
	GlobalSection(ExtensibilityGlobals) = postSolution
		SolutionGuid = {3BD0600F-4256-4E19-BABC-EF75B6AEF7FD}
	EndGlobalSection
EndGlobal
